
Microsoft Visual Studio Solution File, Format Version 12.00
# Visual Studio 14
VisualStudioVersion = 14.0.25420.1
MinimumVisualStudioVersion = 10.0.40219.1
Project("{FAE04EC0-301F-11D3-BF4B-00C04F79EFBC}") = "GitHubTest", "GitHubTest\GitHubTest.csproj", "{64D5C746-4A23-48BE-924B-9C17178F1CFD}"
EndProject
Project("{FAE04EC0-301F-11D3-BF4B-00C04F79EFBC}") = "WebApplication1", "WebApplication1\WebApplication1.csproj", "{F87461EE-2A6C-42BB-9945-1DE750A7A586}"
EndProject
Project("{FAE04EC0-301F-11D3-BF4B-00C04F79EFBC}") = "TTS.Data", "TTS.Data\TTS.Data.csproj", "{038CADBB-9D64-4EFF-8971-23EE4939F009}"
EndProject
Global
	GlobalSection(SolutionConfigurationPlatforms) = preSolution
		Debug|Any CPU = Debug|Any CPU
		Release|Any CPU = Release|Any CPU
	EndGlobalSection
	GlobalSection(ProjectConfigurationPlatforms) = postSolution
		{64D5C746-4A23-48BE-924B-9C17178F1CFD}.Debug|Any CPU.ActiveCfg = Debug|Any CPU
		{64D5C746-4A23-48BE-924B-9C17178F1CFD}.Debug|Any CPU.Build.0 = Debug|Any CPU
		{64D5C746-4A23-48BE-924B-9C17178F1CFD}.Release|Any CPU.ActiveCfg = Release|Any CPU
		{64D5C746-4A23-48BE-924B-9C17178F1CFD}.Release|Any CPU.Build.0 = Release|Any CPU
		{F87461EE-2A6C-42BB-9945-1DE750A7A586}.Debug|Any CPU.ActiveCfg = Debug|Any CPU
		{F87461EE-2A6C-42BB-9945-1DE750A7A586}.Debug|Any CPU.Build.0 = Debug|Any CPU
		{F87461EE-2A6C-42BB-9945-1DE750A7A586}.Release|Any CPU.ActiveCfg = Release|Any CPU
		{F87461EE-2A6C-42BB-9945-1DE750A7A586}.Release|Any CPU.Build.0 = Release|Any CPU
		{038CADBB-9D64-4EFF-8971-23EE4939F009}.Debug|Any CPU.ActiveCfg = Debug|Any CPU
		{038CADBB-9D64-4EFF-8971-23EE4939F009}.Debug|Any CPU.Build.0 = Debug|Any CPU
		{038CADBB-9D64-4EFF-8971-23EE4939F009}.Release|Any CPU.ActiveCfg = Release|Any CPU
		{038CADBB-9D64-4EFF-8971-23EE4939F009}.Release|Any CPU.Build.0 = Release|Any CPU
	EndGlobalSection
	GlobalSection(SolutionProperties) = preSolution
		HideSolutionNode = FALSE
	EndGlobalSection
EndGlobal
